dependencies:
  espressif/mdns:
    component_hash: e81ca7a7f53ea34e78274df054da692c272e1315572876b237b1748e267c013b
    dependencies:
    - name: idf
      require: private
      version: '>=5.0'
    source:
      registry_url: https://components.espressif.com/
      type: service
    version: 1.11.3
  idf:
    source:
      type: idf
    version: 5.4.2
direct_dependencies:
- espressif/mdns
- idf
manifest_hash: f67c9ccdf6cf36fc082ccbc508eecbf221db0a0d9639cc6fef46378b2f074cc8
target: esp32p4
version: 2.0.0
